SITE
  remote: https://supermarket.getchef.com/api/v1
  specs:
    apt (2.9.2)
    build-essential (2.2.4)
    chef_handler (1.2.0)
    dmg (2.3.0)
    git (4.3.5)
      build-essential (>= 0.0.0)
      dmg (>= 0.0.0)
      windows (>= 0.0.0)
      yum-epel (>= 0.0.0)
    ruby_build (0.8.0)
    ruby_rbenv (1.0.1)
      ruby_build (>= 0.0.0)
    vim (2.0.0)
    windows (1.39.0)
      chef_handler (>= 0.0.0)
    yum (3.8.2)
    yum-epel (0.6.5)
      yum (~> 3.2)

DEPENDENCIES
  apt (= 2.9.2)
  build-essential (= 2.2.4)
  git (= 4.3.5)
  ruby_build (= 0.8.0)
  ruby_rbenv (= 1.0.1)
  vim (= 2.0.0)

